
Microsoft Visual Studio Solution File, Format Version 12.00
# Visual Studio 15
VisualStudioVersion = 15.0.28307.757
MinimumVisualStudioVersion = 10.0.40219.1
Project("{F184B08F-C81C-45F6-A57F-5ABD9991F28F}") = "XlsExportExample", "XlsExportExample.vbproj", "{7AA11FD3-A234-4A1E-B6BA-063395FBB408}"
EndProject
Global
	GlobalSection(SolutionConfigurationPlatforms) = preSolution
		Debug|Any CPU = Debug|Any CPU
		Release|Any CPU = Release|Any CPU
	EndGlobalSection
	GlobalSection(ProjectConfigurationPlatforms) = postSolution
		{7AA11FD3-A234-4A1E-B6BA-063395FBB408}.Debug|Any CPU.ActiveCfg = Debug|Any CPU
		{7AA11FD3-A234-4A1E-B6BA-063395FBB408}.Debug|Any CPU.Build.0 = Debug|Any CPU
		{7AA11FD3-A234-4A1E-B6BA-063395FBB408}.Release|Any CPU.ActiveCfg = Release|Any CPU
		{7AA11FD3-A234-4A1E-B6BA-063395FBB408}.Release|Any CPU.Build.0 = Release|Any CPU
		EndGlobalSection
	GlobalSection(SolutionProperties) = preSolution
		HideSolutionNode = FALSE
	EndGlobalSection
	GlobalSection(ExtensibilityGlobals) = postSolution
		SolutionGuid = {F0D52D08-1078-4D66-AB69-46648B52F82B}
	EndGlobalSection
EndGlobal
